
Microsoft Visual Studio Solution File, Format Version 12.00
# Visual Studio Version 17
VisualStudioVersion = 17.10.34928.147
MinimumVisualStudioVersion = 10.0.40219.1
Project("{FAE04EC0-301F-11D3-BF4B-00C04F79EFBC}") = "Boundaries", "Boundaries\Boundaries.csproj", "{6B20314D-9627-429B-9F47-64DCABC55B7C}"
EndProject
Global
	GlobalSection(SolutionConfigurationPlatforms) = preSolution
		Debug|Any CPU = Debug|Any CPU
		Release|Any CPU = Release|Any CPU
	EndGlobalSection
	GlobalSection(ProjectConfigurationPlatforms) = postSolution
		{6B20314D-9627-429B-9F47-64DCABC55B7C}.Debug|Any CPU.ActiveCfg = Debug|Any CPU
		{6B20314D-9627-429B-9F47-64DCABC55B7C}.Debug|Any CPU.Build.0 = Debug|Any CPU
		{6B20314D-9627-429B-9F47-64DCABC55B7C}.Release|Any CPU.ActiveCfg = Release|Any CPU
		{6B20314D-9627-429B-9F47-64DCABC55B7C}.Release|Any CPU.Build.0 = Release|Any CPU
	EndGlobalSection
	GlobalSection(SolutionProperties) = preSolution
		HideSolutionNode = FALSE
	EndGlobalSection
	GlobalSection(ExtensibilityGlobals) = postSolution
		SolutionGuid = {FB4D22C0-C0FD-4328-ACB0-586BC72BD668}
	EndGlobalSection
EndGlobal
